// !$*UTF8*$!
{
	archiveVersion = 1;
	classes = {
	};
	objectVersion = 56;
	objects = {

/* Begin PBXBuildFile section */
		0B0CD51429F8FA4800F0195C /* SDWebImageSwiftUI in Frameworks */ = {isa = PBXBuildFile; productRef = 0B0CD51329F8FA4800F0195C /* SDWebImageSwiftUI */; };
		0B0CD51629F8FBAB00F0195C /* Constants.swift in Sources */ = {isa = PBXBuildFile; fileRef = 0B0CD51529F8FBAB00F0195C /* Constants.swift */; };
		0B0CD51829F8FD8200F0195C /* Image+Extension.swift in Sources */ = {isa = PBXBuildFile; fileRef = 0B0CD51729F8FD8200F0195C /* Image+Extension.swift */; };
		0B0CD51A29F8FECE00F0195C /* AppStrings.swift in Sources */ = {isa = PBXBuildFile; fileRef = 0B0CD51929F8FECE00F0195C /* AppStrings.swift */; };
		0B0CD51D29F91C3F00F0195C /* NetworkManager.swift in Sources */ = {isa = PBXBuildFile; fileRef = 0B0CD51C29F91C3F00F0195C /* NetworkManager.swift */; };
		0B0CD51F29F91CBC00F0195C /* ApiEndPoints.swift in Sources */ = {isa = PBXBuildFile; fileRef = 0B0CD51E29F91CBC00F0195C /* ApiEndPoints.swift */; };
		0B0CD52129F9258000F0195C /* NetworkingError.swift in Sources */ = {isa = PBXBuildFile; fileRef = 0B0CD52029F9258000F0195C /* NetworkingError.swift */; };
		0B0CD52329F9281900F0195C /* PopularMoviesModel.swift in Sources */ = {isa = PBXBuildFile; fileRef = 0B0CD52229F9281900F0195C /* PopularMoviesModel.swift */; };
		0B0CD52929F93A7400F0195C /* MovieDetailsModel.swift in Sources */ = {isa = PBXBuildFile; fileRef = 0B0CD52829F93A7400F0195C /* MovieDetailsModel.swift */; };
		0B0CD52B29F93BCF00F0195C /* MovieDetailsViewModel.swift in Sources */ = {isa = PBXBuildFile; fileRef = 0B0CD52A29F93BCF00F0195C /* MovieDetailsViewModel.swift */; };
		0B0CD52D29F93D7D00F0195C /* MovieDetailView.swift in Sources */ = {isa = PBXBuildFile; fileRef = 0B0CD52C29F93D7D00F0195C /* MovieDetailView.swift */; };
		0B54752629FA4B6E0008CCE8 /* CustomTexts.swift in Sources */ = {isa = PBXBuildFile; fileRef = 0B54752529FA4B6E0008CCE8 /* CustomTexts.swift */; };
		0B54752829FA5B810008CCE8 /* Double+Extension.swift in Sources */ = {isa = PBXBuildFile; fileRef = 0B54752729FA5B810008CCE8 /* Double+Extension.swift */; };
		0BFAF28D29F7A6B200966BDF /* HellFlixApp.swift in Sources */ = {isa = PBXBuildFile; fileRef = 0BFAF28C29F7A6B200966BDF /* HellFlixApp.swift */; };
		0BFAF29129F7A6B400966BDF /* Assets.xcassets in Resources */ = {isa = PBXBuildFile; fileRef = 0BFAF29029F7A6B400966BDF /* Assets.xcassets */; };
		0BFAF29429F7A6B400966BDF /* Preview Assets.xcassets in Resources */ = {isa = PBXBuildFile; fileRef = 0BFAF29329F7A6B400966BDF /* Preview Assets.xcassets */; };
		0BFAF2AF29F7E30F00966BDF /* HomeView.swift in Sources */ = {isa = PBXBuildFile; fileRef = 0BFAF2AE29F7E30F00966BDF /* HomeView.swift */; };
		0BFAF2B129F7E9B600966BDF /* NowPlayingModel.swift in Sources */ = {isa = PBXBuildFile; fileRef = 0BFAF2B029F7E9B600966BDF /* NowPlayingModel.swift */; };
		0BFAF2B329F7EA2000966BDF /* HomeViewModel.swift in Sources */ = {isa = PBXBuildFile; fileRef = 0BFAF2B229F7EA2000966BDF /* HomeViewModel.swift */; };
/* End PBXBuildFile section */

/* Begin PBXFileReference section */
		0B0CD51529F8FBAB00F0195C /* Constants.swift */ = {isa = PBXFileReference; lastKnownFileType = sourcecode.swift; path = Constants.swift; sourceTree = "<group>"; };
		0B0CD51729F8FD8200F0195C /* Image+Extension.swift */ = {isa = PBXFileReference; lastKnownFileType = sourcecode.swift; path = "Image+Extension.swift"; sourceTree = "<group>"; };
		0B0CD51929F8FECE00F0195C /* AppStrings.swift */ = {isa = PBXFileReference; lastKnownFileType = sourcecode.swift; path = AppStrings.swift; sourceTree = "<group>"; };
		0B0CD51C29F91C3F00F0195C /* NetworkManager.swift */ = {isa = PBXFileReference; lastKnownFileType = sourcecode.swift; path = NetworkManager.swift; sourceTree = "<group>"; };
		0B0CD51E29F91CBC00F0195C /* ApiEndPoints.swift */ = {isa = PBXFileReference; lastKnownFileType = sourcecode.swift; path = ApiEndPoints.swift; sourceTree = "<group>"; };
		0B0CD52029F9258000F0195C /* NetworkingError.swift */ = {isa = PBXFileReference; lastKnownFileType = sourcecode.swift; path = NetworkingError.swift; sourceTree = "<group>"; };
		0B0CD52229F9281900F0195C /* PopularMoviesModel.swift */ = {isa = PBXFileReference; lastKnownFileType = sourcecode.swift; path = PopularMoviesModel.swift; sourceTree = "<group>"; };
		0B0CD52829F93A7400F0195C /* MovieDetailsModel.swift */ = {isa = PBXFileReference; lastKnownFileType = sourcecode.swift; path = MovieDetailsModel.swift; sourceTree = "<group>"; };
		0B0CD52A29F93BCF00F0195C /* MovieDetailsViewModel.swift */ = {isa = PBXFileReference; lastKnownFileType = sourcecode.swift; path = MovieDetailsViewModel.swift; sourceTree = "<group>"; };
		0B0CD52C29F93D7D00F0195C /* MovieDetailView.swift */ = {isa = PBXFileReference; lastKnownFileType = sourcecode.swift; path = MovieDetailView.swift; sourceTree = "<group>"; };
		0B54752529FA4B6E0008CCE8 /* CustomTexts.swift */ = {isa = PBXFileReference; lastKnownFileType = sourcecode.swift; path = CustomTexts.swift; sourceTree = "<group>"; };
		0B54752729FA5B810008CCE8 /* Double+Extension.swift */ = {isa = PBXFileReference; lastKnownFileType = sourcecode.swift; path = "Double+Extension.swift"; sourceTree = "<group>"; };
		0BFAF28929F7A6B200966BDF /* HellFlix.app */ = {isa = PBXFileReference; explicitFileType = wrapper.application; includeInIndex = 0; path = HellFlix.app; sourceTree = BUILT_PRODUCTS_DIR; };
		0BFAF28C29F7A6B200966BDF /* HellFlixApp.swift */ = {isa = PBXFileReference; lastKnownFileType = sourcecode.swift; path = HellFlixApp.swift; sourceTree = "<group>"; };
		0BFAF29029F7A6B400966BDF /* Assets.xcassets */ = {isa = PBXFileReference; lastKnownFileType = folder.assetcatalog; path = Assets.xcassets; sourceTree = "<group>"; };
		0BFAF29329F7A6B400966BDF /* Preview Assets.xcassets */ = {isa = PBXFileReference; lastKnownFileType = folder.assetcatalog; path = "Preview Assets.xcassets"; sourceTree = "<group>"; };
		0BFAF2AE29F7E30F00966BDF /* HomeView.swift */ = {isa = PBXFileReference; lastKnownFileType = sourcecode.swift; path = HomeView.swift; sourceTree = "<group>"; };
		0BFAF2B029F7E9B600966BDF /* NowPlayingModel.swift */ = {isa = PBXFileReference; lastKnownFileType = sourcecode.swift; path = NowPlayingModel.swift; sourceTree = "<group>"; };
		0BFAF2B229F7EA2000966BDF /* HomeViewModel.swift */ = {isa = PBXFileReference; lastKnownFileType = sourcecode.swift; path = HomeViewModel.swift; sourceTree = "<group>"; };
/* End PBXFileReference section */

/* Begin PBXFrameworksBuildPhase section */
		0BFAF28629F7A6B200966BDF /* Frameworks */ = {
			isa = PBXFrameworksBuildPhase;
			buildActionMask = 2147483647;
			files = (
				0B0CD51429F8FA4800F0195C /* SDWebImageSwiftUI in Frameworks */,
			);
			runOnlyForDeploymentPostprocessing = 0;
		};
/* End PBXFrameworksBuildPhase section */

/* Begin PBXGroup section */
		0B0CD52429F9380200F0195C /* MovieDetails */ = {
			isa = PBXGroup;
			children = (
				0B0CD52729F9382600F0195C /* model */,
				0B0CD52629F9381B00F0195C /* view */,
				0B0CD52529F9381600F0195C /* viewmodel */,
			);
			path = MovieDetails;
			sourceTree = "<group>";
		};
		0B0CD52529F9381600F0195C /* viewmodel */ = {
			isa = PBXGroup;
			children = (
				0B0CD52A29F93BCF00F0195C /* MovieDetailsViewModel.swift */,
			);
			path = viewmodel;
			sourceTree = "<group>";
		};
		0B0CD52629F9381B00F0195C /* view */ = {
			isa = PBXGroup;
			children = (
				0B0CD52C29F93D7D00F0195C /* MovieDetailView.swift */,
			);
			path = view;
			sourceTree = "<group>";
		};
		0B0CD52729F9382600F0195C /* model */ = {
			isa = PBXGroup;
			children = (
				0B0CD52829F93A7400F0195C /* MovieDetailsModel.swift */,
			);
			path = model;
			sourceTree = "<group>";
		};
		0B54752429FA4B4E0008CCE8 /* components */ = {
			isa = PBXGroup;
			children = (
				0B54752529FA4B6E0008CCE8 /* CustomTexts.swift */,
			);
			path = components;
			sourceTree = "<group>";
		};
		0BFAF28029F7A6B200966BDF = {
			isa = PBXGroup;
			children = (
				0BFAF28B29F7A6B200966BDF /* HellFlix */,
				0BFAF28A29F7A6B200966BDF /* Products */,
			);
			sourceTree = "<group>";
		};
		0BFAF28A29F7A6B200966BDF /* Products */ = {
			isa = PBXGroup;
			children = (
				0BFAF28929F7A6B200966BDF /* HellFlix.app */,
			);
			name = Products;
			sourceTree = "<group>";
		};
		0BFAF28B29F7A6B200966BDF /* HellFlix */ = {
			isa = PBXGroup;
			children = (
				0BFAF28C29F7A6B200966BDF /* HellFlixApp.swift */,
				0BFAF2A629F7E21E00966BDF /* modules */,
				0BFAF2A929F7E26600966BDF /* constants */,
				0BFAF2A829F7E24000966BDF /* extensions */,
				0BFAF2A729F7E23800966BDF /* managers */,
				0B54752429FA4B4E0008CCE8 /* components */,
				0BFAF29029F7A6B400966BDF /* Assets.xcassets */,
				0BFAF29229F7A6B400966BDF /* Preview Content */,
			);
			path = HellFlix;
			sourceTree = "<group>";
		};
		0BFAF29229F7A6B400966BDF /* Preview Content */ = {
			isa = PBXGroup;
			children = (
				0BFAF29329F7A6B400966BDF /* Preview Assets.xcassets */,
			);
			path = "Preview Content";
			sourceTree = "<group>";
		};
		0BFAF2A629F7E21E00966BDF /* modules */ = {
			isa = PBXGroup;
			children = (
				0B0CD52429F9380200F0195C /* MovieDetails */,
				0BFAF2AA29F7E28900966BDF /* home */,
			);
			path = modules;
			sourceTree = "<group>";
		};
		0BFAF2A729F7E23800966BDF /* managers */ = {
			isa = PBXGroup;
			children = (
				0B0CD51C29F91C3F00F0195C /* NetworkManager.swift */,
			);
			path = managers;
			sourceTree = "<group>";
		};
		0BFAF2A829F7E24000966BDF /* extensions */ = {
			isa = PBXGroup;
			children = (
				0B0CD51729F8FD8200F0195C /* Image+Extension.swift */,
				0B54752729FA5B810008CCE8 /* Double+Extension.swift */,
			);
			path = extensions;
			sourceTree = "<group>";
		};
		0BFAF2A929F7E26600966BDF /* constants */ = {
			isa = PBXGroup;
			children = (
				0B0CD51529F8FBAB00F0195C /* Constants.swift */,
				0B0CD51929F8FECE00F0195C /* AppStrings.swift */,
				0B0CD51E29F91CBC00F0195C /* ApiEndPoints.swift */,
				0B0CD52029F9258000F0195C /* NetworkingError.swift */,
			);
			path = constants;
			sourceTree = "<group>";
		};
		0BFAF2AA29F7E28900966BDF /* home */ = {
			isa = PBXGroup;
			children = (
				0BFAF2AD29F7E2A600966BDF /* model */,
				0BFAF2AC29F7E2A200966BDF /* view */,
				0BFAF2AB29F7E29500966BDF /* viewmodel */,
			);
			path = home;
			sourceTree = "<group>";
		};
		0BFAF2AB29F7E29500966BDF /* viewmodel */ = {
			isa = PBXGroup;
			children = (
				0BFAF2B229F7EA2000966BDF /* HomeViewModel.swift */,
			);
			path = viewmodel;
			sourceTree = "<group>";
		};
		0BFAF2AC29F7E2A200966BDF /* view */ = {
			isa = PBXGroup;
			children = (
				0BFAF2AE29F7E30F00966BDF /* HomeView.swift */,
			);
			path = view;
			sourceTree = "<group>";
		};
		0BFAF2AD29F7E2A600966BDF /* model */ = {
			isa = PBXGroup;
			children = (
				0BFAF2B029F7E9B600966BDF /* NowPlayingModel.swift */,
				0B0CD52229F9281900F0195C /* PopularMoviesModel.swift */,
			);
			path = model;
			sourceTree = "<group>";
		};
/* End PBXGroup section */

/* Begin PBXNativeTarget section */
		0BFAF28829F7A6B200966BDF /* HellFlix */ = {
			isa = PBXNativeTarget;
			buildConfigurationList = 0BFAF29729F7A6B400966BDF /* Build configuration list for PBXNativeTarget "HellFlix" */;
			buildPhases = (
				0BFAF28529F7A6B200966BDF /* Sources */,
				0BFAF28629F7A6B200966BDF /* Frameworks */,
				0BFAF28729F7A6B200966BDF /* Resources */,
			);
			buildRules = (
			);
			dependencies = (
			);
			name = HellFlix;
			packageProductDependencies = (
				0B0CD51329F8FA4800F0195C /* SDWebImageSwiftUI */,
			);
			productName = HellFlix;
			productReference = 0BFAF28929F7A6B200966BDF /* HellFlix.app */;
			productType = "com.apple.product-type.application";
		};
/* End PBXNativeTarget section */

/* Begin PBXProject section */
		0BFAF28129F7A6B200966BDF /* Project object */ = {
			isa = PBXProject;
			attributes = {
				BuildIndependentTargetsInParallel = 1;
				LastSwiftUpdateCheck = 1430;
				LastUpgradeCheck = 1430;
				TargetAttributes = {
					0BFAF28829F7A6B200966BDF = {
						CreatedOnToolsVersion = 14.3;
					};
				};
			};
			buildConfigurationList = 0BFAF28429F7A6B200966BDF /* Build configuration list for PBXProject "HellFlix" */;
			compatibilityVersion = "Xcode 14.0";
			developmentRegion = en;
			hasScannedForEncodings = 0;
			knownRegions = (
				en,
				Base,
			);
			mainGroup = 0BFAF28029F7A6B200966BDF;
			packageReferences = (
				0B0CD51229F8FA4800F0195C /* XCRemoteSwiftPackageReference "SDWebImageSwiftUI" */,
			);
			productRefGroup = 0BFAF28A29F7A6B200966BDF /* Products */;
			projectDirPath = "";
			projectRoot = "";
			targets = (
				0BFAF28829F7A6B200966BDF /* HellFlix */,
			);
		};
/* End PBXProject section */

/* Begin PBXResourcesBuildPhase section */
		0BFAF28729F7A6B200966BDF /* Resources */ = {
			isa = PBXResourcesBuildPhase;
			buildActionMask = 2147483647;
			files = (
				0BFAF29429F7A6B400966BDF /* Preview Assets.xcassets in Resources */,
				0BFAF29129F7A6B400966BDF /* Assets.xcassets in Resources */,
			);
			runOnlyForDeploymentPostprocessing = 0;
		};
/* End PBXResourcesBuildPhase section */

/* Begin PBXSourcesBuildPhase section */
		0BFAF28529F7A6B200966BDF /* Sources */ = {
			isa = PBXSourcesBuildPhase;
			buildActionMask = 2147483647;
			files = (
				0B0CD51629F8FBAB00F0195C /* Constants.swift in Sources */,
				0BFAF28D29F7A6B200966BDF /* HellFlixApp.swift in Sources */,
				0BFAF2B129F7E9B600966BDF /* NowPlayingModel.swift in Sources */,
				0B0CD52329F9281900F0195C /* PopularMoviesModel.swift in Sources */,
				0B54752829FA5B810008CCE8 /* Double+Extension.swift in Sources */,
				0BFAF2AF29F7E30F00966BDF /* HomeView.swift in Sources */,
				0B0CD52129F9258000F0195C /* NetworkingError.swift in Sources */,
				0B0CD52D29F93D7D00F0195C /* MovieDetailView.swift in Sources */,
				0B0CD51D29F91C3F00F0195C /* NetworkManager.swift in Sources */,
				0B0CD51F29F91CBC00F0195C /* ApiEndPoints.swift in Sources */,
				0B0CD52B29F93BCF00F0195C /* MovieDetailsViewModel.swift in Sources */,
				0B0CD51A29F8FECE00F0195C /* AppStrings.swift in Sources */,
				0B0CD52929F93A7400F0195C /* MovieDetailsModel.swift in Sources */,
				0BFAF2B329F7EA2000966BDF /* HomeViewModel.swift in Sources */,
				0B0CD51829F8FD8200F0195C /* Image+Extension.swift in Sources */,
				0B54752629FA4B6E0008CCE8 /* CustomTexts.swift in Sources */,
			);
			runOnlyForDeploymentPostprocessing = 0;
		};
/* End PBXSourcesBuildPhase section */

/* Begin XCBuildConfiguration section */
		0BFAF29529F7A6B400966BDF /* Debug */ = {
			isa = XCBuildConfiguration;
			buildSettings = {
				ALWAYS_SEARCH_USER_PATHS = NO;
				CLANG_ANALYZER_NONNULL = YES;
				CLANG_ANALYZER_NUMBER_OBJECT_CONVERSION = YES_AGGRESSIVE;
				CLANG_CXX_LANGUAGE_STANDARD = "gnu++20";
				CLANG_ENABLE_MODULES = YES;
				CLANG_ENABLE_OBJC_ARC = YES;
				CLANG_ENABLE_OBJC_WEAK = YES;
				CLANG_WARN_BLOCK_CAPTURE_AUTORELEASING = YES;
				CLANG_WARN_BOOL_CONVERSION = YES;
				CLANG_WARN_COMMA = YES;
				CLANG_WARN_CONSTANT_CONVERSION = YES;
				CLANG_WARN_DEPRECATED_OBJC_IMPLEMENTATIONS = YES;
				CLANG_WARN_DIRECT_OBJC_ISA_USAGE = YES_ERROR;
				CLANG_WARN_DOCUMENTATION_COMMENTS = YES;
				CLANG_WARN_EMPTY_BODY = YES;
				CLANG_WARN_ENUM_CONVERSION = YES;
				CLANG_WARN_INFINITE_RECURSION = YES;
				CLANG_WARN_INT_CONVERSION = YES;
				CLANG_WARN_NON_LITERAL_NULL_CONVERSION = YES;
				CLANG_WARN_OBJC_IMPLICIT_RETAIN_SELF = YES;
				CLANG_WARN_OBJC_LITERAL_CONVERSION = YES;
				CLANG_WARN_OBJC_ROOT_CLASS = YES_ERROR;
				CLANG_WARN_QUOTED_INCLUDE_IN_FRAMEWORK_HEADER = YES;
				CLANG_WARN_RANGE_LOOP_ANALYSIS = YES;
				CLANG_WARN_STRICT_PROTOTYPES = YES;
				CLANG_WARN_SUSPICIOUS_MOVE = YES;
				CLANG_WARN_UNGUARDED_AVAILABILITY = YES_AGGRESSIVE;
				CLANG_WARN_UNREACHABLE_CODE = YES;
				CLANG_WARN__DUPLICATE_METHOD_MATCH = YES;
				COPY_PHASE_STRIP = NO;
				DEBUG_INFORMATION_FORMAT = dwarf;
				ENABLE_STRICT_OBJC_MSGSEND = YES;
				ENABLE_TESTABILITY = YES;
				GCC_C_LANGUAGE_STANDARD = gnu11;
				GCC_DYNAMIC_NO_PIC = NO;
				GCC_NO_COMMON_BLOCKS = YES;
				GCC_OPTIMIZATION_LEVEL = 0;
				GCC_PREPROCESSOR_DEFINITIONS = (
					"DEBUG=1",
					"$(inherited)",
				);
				GCC_WARN_64_TO_32_BIT_CONVERSION = YES;
				GCC_WARN_ABOUT_RETURN_TYPE = YES_ERROR;
				GCC_WARN_UNDECLARED_SELECTOR = YES;
				GCC_WARN_UNINITIALIZED_AUTOS = YES_AGGRESSIVE;
				GCC_WARN_UNUSED_FUNCTION = YES;
				GCC_WARN_UNUSED_VARIABLE = YES;
				IPHONEOS_DEPLOYMENT_TARGET = 16.4;
				MTL_ENABLE_DEBUG_INFO = INCLUDE_SOURCE;
				MTL_FAST_MATH = YES;
				ONLY_ACTIVE_ARCH = YES;
				SDKROOT = iphoneos;
				SWIFT_ACTIVE_COMPILATION_CONDITIONS = DEBUG;
				SWIFT_OPTIMIZATION_LEVEL = "-Onone";
			};
			name = Debug;
		};
		0BFAF29629F7A6B400966BDF /* Release */ = {
			isa = XCBuildConfiguration;
			buildSettings = {
				ALWAYS_SEARCH_USER_PATHS = NO;
				CLANG_ANALYZER_NONNULL = YES;
				CLANG_ANALYZER_NUMBER_OBJECT_CONVERSION = YES_AGGRESSIVE;
				CLANG_CXX_LANGUAGE_STANDARD = "gnu++20";
				CLANG_ENABLE_MODULES = YES;
				CLANG_ENABLE_OBJC_ARC = YES;
				CLANG_ENABLE_OBJC_WEAK = YES;
				CLANG_WARN_BLOCK_CAPTURE_AUTORELEASING = YES;
				CLANG_WARN_BOOL_CONVERSION = YES;
				CLANG_WARN_COMMA = YES;
				CLANG_WARN_CONSTANT_CONVERSION = YES;
				CLANG_WARN_DEPRECATED_OBJC_IMPLEMENTATIONS = YES;
				CLANG_WARN_DIRECT_OBJC_ISA_USAGE = YES_ERROR;
				CLANG_WARN_DOCUMENTATION_COMMENTS = YES;
				CLANG_WARN_EMPTY_BODY = YES;
				CLANG_WARN_ENUM_CONVERSION = YES;
				CLANG_WARN_INFINITE_RECURSION = YES;
				CLANG_WARN_INT_CONVERSION = YES;
				CLANG_WARN_NON_LITERAL_NULL_CONVERSION = YES;
				CLANG_WARN_OBJC_IMPLICIT_RETAIN_SELF = YES;
				CLANG_WARN_OBJC_LITERAL_CONVERSION = YES;
				CLANG_WARN_OBJC_ROOT_CLASS = YES_ERROR;
				CLANG_WARN_QUOTED_INCLUDE_IN_FRAMEWORK_HEADER = YES;
				CLANG_WARN_RANGE_LOOP_ANALYSIS = YES;
				CLANG_WARN_STRICT_PROTOTYPES = YES;
				CLANG_WARN_SUSPICIOUS_MOVE = YES;
				CLANG_WARN_UNGUARDED_AVAILABILITY = YES_AGGRESSIVE;
				CLANG_WARN_UNREACHABLE_CODE = YES;
				CLANG_WARN__DUPLICATE_METHOD_MATCH = YES;
				COPY_PHASE_STRIP = NO;
				DEBUG_INFORMATION_FORMAT = "dwarf-with-dsym";
				ENABLE_NS_ASSERTIONS = NO;
				ENABLE_STRICT_OBJC_MSGSEND = YES;
				GCC_C_LANGUAGE_STANDARD = gnu11;
				GCC_NO_COMMON_BLOCKS = YES;
				GCC_WARN_64_TO_32_BIT_CONVERSION = YES;
				GCC_WARN_ABOUT_RETURN_TYPE = YES_ERROR;
				GCC_WARN_UNDECLARED_SELECTOR = YES;
				GCC_WARN_UNINITIALIZED_AUTOS = YES_AGGRESSIVE;
				GCC_WARN_UNUSED_FUNCTION = YES;
				GCC_WARN_UNUSED_VARIABLE = YES;
				IPHONEOS_DEPLOYMENT_TARGET = 16.4;
				MTL_ENABLE_DEBUG_INFO = NO;
				MTL_FAST_MATH = YES;
				SDKROOT = iphoneos;
				SWIFT_COMPILATION_MODE = wholemodule;
				SWIFT_OPTIMIZATION_LEVEL = "-O";
				VALIDATE_PRODUCT = YES;
			};
			name = Release;
		};
		0BFAF29829F7A6B400966BDF /* Debug */ = {
			isa = XCBuildConfiguration;
			buildSettings = {
				ASSETCATALOG_COMPILER_APPICON_NAME = AppIcon;
				ASSETCATALOG_COMPILER_GLOBAL_ACCENT_COLOR_NAME = AccentColor;
				CODE_SIGN_STYLE = Automatic;
				CURRENT_PROJECT_VERSION = 1;
				DEVELOPMENT_ASSET_PATHS = "\"HellFlix/Preview Content\"";
				DEVELOPMENT_TEAM = A34XSTF567;
				ENABLE_PREVIEWS = YES;
				GENERATE_INFOPLIST_FILE = YES;
				INFOPLIST_KEY_UIApplicationSceneManifest_Generation = YES;
				INFOPLIST_KEY_UIApplicationSupportsIndirectInputEvents = YES;
				INFOPLIST_KEY_UILaunchScreen_Generation = YES;
				INFOPLIST_KEY_UISupportedInterfaceOrientations_iPad = "UIInterfaceOrientationPortrait UIInterfaceOrientationPortraitUpsideDown UIInterfaceOrientationLandscapeLeft UIInterfaceOrientationLandscapeRight";
				INFOPLIST_KEY_UISupportedInterfaceOrientations_iPhone = "UIInterfaceOrientationPortrait UIInterfaceOrientationLandscapeLeft UIInterfaceOrientationLandscapeRight";
				IPHONEOS_DEPLOYMENT_TARGET = 15.0;
				LD_RUNPATH_SEARCH_PATHS = (
					"$(inherited)",
					"@executable_path/Frameworks",
				);
				MARKETING_VERSION = 1.0;
				PRODUCT_BUNDLE_IDENTIFIER = com.applligent.HellFlix;
				PRODUCT_NAME = "$(TARGET_NAME)";
				SUPPORTED_PLATFORMS = "iphoneos iphonesimulator";
				SUPPORTS_MACCATALYST = NO;
				SUPPORTS_MAC_DESIGNED_FOR_IPHONE_IPAD = NO;
				SWIFT_EMIT_LOC_STRINGS = YES;
				SWIFT_VERSION = 5.0;
				TARGETED_DEVICE_FAMILY = 1;
			};
			name = Debug;
		};
		0BFAF29929F7A6B400966BDF /* Release */ = {
			isa = XCBuildConfiguration;
			buildSettings = {
				ASSETCATALOG_COMPILER_APPICON_NAME = AppIcon;
				ASSETCATALOG_COMPILER_GLOBAL_ACCENT_COLOR_NAME = AccentColor;
				CODE_SIGN_STYLE = Automatic;
				CURRENT_PROJECT_VERSION = 1;
				DEVELOPMENT_ASSET_PATHS = "\"HellFlix/Preview Content\"";
				DEVELOPMENT_TEAM = A34XSTF567;
				ENABLE_PREVIEWS = YES;
				GENERATE_INFOPLIST_FILE = YES;
				INFOPLIST_KEY_UIApplicationSceneManifest_Generation = YES;
				INFOPLIST_KEY_UIApplicationSupportsIndirectInputEvents = YES;
				INFOPLIST_KEY_UILaunchScreen_Generation = YES;
				INFOPLIST_KEY_UISupportedInterfaceOrientations_iPad = "UIInterfaceOrientationPortrait UIInterfaceOrientationPortraitUpsideDown UIInterfaceOrientationLandscapeLeft UIInterfaceOrientationLandscapeRight";
				INFOPLIST_KEY_UISupportedInterfaceOrientations_iPhone = "UIInterfaceOrientationPortrait UIInterfaceOrientationLandscapeLeft UIInterfaceOrientationLandscapeRight";
				IPHONEOS_DEPLOYMENT_TARGET = 15.0;
				LD_RUNPATH_SEARCH_PATHS = (
					"$(inherited)",
					"@executable_path/Frameworks",
				);
				MARKETING_VERSION = 1.0;
				PRODUCT_BUNDLE_IDENTIFIER = com.applligent.HellFlix;
				PRODUCT_NAME = "$(TARGET_NAME)";
				SUPPORTED_PLATFORMS = "iphoneos iphonesimulator";
				SUPPORTS_MACCATALYST = NO;
				SUPPORTS_MAC_DESIGNED_FOR_IPHONE_IPAD = NO;
				SWIFT_EMIT_LOC_STRINGS = YES;
				SWIFT_VERSION = 5.0;
				TARGETED_DEVICE_FAMILY = 1;
			};
			name = Release;
		};
/* End XCBuildConfiguration section */

/* Begin XCConfigurationList section */
		0BFAF28429F7A6B200966BDF /* Build configuration list for PBXProject "HellFlix" */ = {
			isa = XCConfigurationList;
			buildConfigurations = (
				0BFAF29529F7A6B400966BDF /* Debug */,
				0BFAF29629F7A6B400966BDF /* Release */,
			);
			defaultConfigurationIsVisible = 0;
			defaultConfigurationName = Release;
		};
		0BFAF29729F7A6B400966BDF /* Build configuration list for PBXNativeTarget "HellFlix" */ = {
			isa = XCConfigurationList;
			buildConfigurations = (
				0BFAF29829F7A6B400966BDF /* Debug */,
				0BFAF29929F7A6B400966BDF /* Release */,
			);
			defaultConfigurationIsVisible = 0;
			defaultConfigurationName = Release;
		};
/* End XCConfigurationList section */

/* Begin XCRemoteSwiftPackageReference section */
		0B0CD51229F8FA4800F0195C /* XCRemoteSwiftPackageReference "SDWebImageSwiftUI" */ = {
			isa = XCRemoteSwiftPackageReference;
			repositoryURL = "https://github.com/SDWebImage/SDWebImageSwiftUI.git";
			requirement = {
				kind = upToNextMajorVersion;
				minimumVersion = 2.0.0;
			};
		};
/* End XCRemoteSwiftPackageReference section */

/* Begin XCSwiftPackageProductDependency section */
		0B0CD51329F8FA4800F0195C /* SDWebImageSwiftUI */ = {
			isa = XCSwiftPackageProductDependency;
			package = 0B0CD51229F8FA4800F0195C /* XCRemoteSwiftPackageReference "SDWebImageSwiftUI" */;
			productName = SDWebImageSwiftUI;
		};
/* End XCSwiftPackageProductDependency section */
	};
	rootObject = 0BFAF28129F7A6B200966BDF /* Project object */;
}
